Microsoft Visual Studio Solution File, Format Version 12.00
# Visual Studio Version 17
VisualStudioVersion = 17.5.2.0
MinimumVisualStudioVersion = 10.0.40219.1
Project("{FAE04EC0-301F-11D3-BF4B-00C04F79EFBC}") = "BancaEnLinea", "BancaEnLinea\BancaEnLinea.csproj", "{041B15CE-BF6D-09B4-69E2-EF74064C6C55}"
EndProject
Global
	GlobalSection(SolutionConfigurationPlatforms) = preSolution
		Debug|Any CPU = Debug|Any CPU
		Release|Any CPU = Release|Any CPU
	EndGlobalSection
	GlobalSection(ProjectConfigurationPlatforms) = postSolution
		{041B15CE-BF6D-09B4-69E2-EF74064C6C55}.Debug|Any CPU.ActiveCfg = Debug|Any CPU
		{041B15CE-BF6D-09B4-69E2-EF74064C6C55}.Debug|Any CPU.Build.0 = Debug|Any CPU
		{041B15CE-BF6D-09B4-69E2-EF74064C6C55}.Release|Any CPU.ActiveCfg = Release|Any CPU
		{041B15CE-BF6D-09B4-69E2-EF74064C6C55}.Release|Any CPU.Build.0 = Release|Any CPU
	EndGlobalSection
	GlobalSection(SolutionProperties) = preSolution
		HideSolutionNode = FALSE
	EndGlobalSection
	GlobalSection(ExtensibilityGlobals) = postSolution
		SolutionGuid = {E904CA13-8D44-4A0B-9E4E-A387CD930465}
	EndGlobalSection
EndGlobal
